
Microsoft Visual Studio Solution File, Format Version 12.00
# Visual Studio Version 16
VisualStudioVersion = 16.0.30907.101
MinimumVisualStudioVersion = 10.0.40219.1
Project("{9A19103F-16F7-4668-BE54-9A1E7A4F7556}") = "CodeExercises", "CodeExercises\CodeExercises.csproj", "{5DD972D9-CC93-4799-B5F6-EF252DD6CA4F}"
EndProject
Project("{FAE04EC0-301F-11D3-BF4B-00C04F79EFBC}") = "CodeExercisesUnitTests", "CodeExercisesUnitTests\CodeExercisesUnitTests.csproj", "{094EBB89-36B0-45F8-B804-5A7316E5B908}"
EndProject
Global
	GlobalSection(SolutionConfigurationPlatforms) = preSolution
		Debug|Any CPU = Debug|Any CPU
		Release|Any CPU = Release|Any CPU
	EndGlobalSection
	GlobalSection(ProjectConfigurationPlatforms) = postSolution
		{5DD972D9-CC93-4799-B5F6-EF252DD6CA4F}.Debug|Any CPU.ActiveCfg = Debug|Any CPU
		{5DD972D9-CC93-4799-B5F6-EF252DD6CA4F}.Debug|Any CPU.Build.0 = Debug|Any CPU
		{5DD972D9-CC93-4799-B5F6-EF252DD6CA4F}.Release|Any CPU.ActiveCfg = Release|Any CPU
		{5DD972D9-CC93-4799-B5F6-EF252DD6CA4F}.Release|Any CPU.Build.0 = Release|Any CPU
		{094EBB89-36B0-45F8-B804-5A7316E5B908}.Debug|Any CPU.ActiveCfg = Debug|Any CPU
		{094EBB89-36B0-45F8-B804-5A7316E5B908}.Debug|Any CPU.Build.0 = Debug|Any CPU
		{094EBB89-36B0-45F8-B804-5A7316E5B908}.Release|Any CPU.ActiveCfg = Release|Any CPU
		{094EBB89-36B0-45F8-B804-5A7316E5B908}.Release|Any CPU.Build.0 = Release|Any CPU
	EndGlobalSection
	GlobalSection(SolutionProperties) = preSolution
		HideSolutionNode = FALSE
	EndGlobalSection
	GlobalSection(ExtensibilityGlobals) = postSolution
		SolutionGuid = {1414B0C0-E728-410D-B97A-963C66BD3B14}
	EndGlobalSection
EndGlobal
